
Microsoft Visual Studio Solution File, Format Version 10.00
# Visual Studio 2008
Project("{FAE04EC0-301F-11D3-BF4B-00C04F79EFBC}") = "QueryDesigner", "QueryDesigner\QueryDesigner.csproj", "{97D235CF-2EF5-4CEC-A29A-451CB244CC00}"
EndProject
Project("{FAE04EC0-301F-11D3-BF4B-00C04F79EFBC}") = "DTO", "DTO\DTO.csproj", "{6B099CCD-68CE-4597-972D-55E85E2C28B5}"
EndProject
Project("{FAE04EC0-301F-11D3-BF4B-00C04F79EFBC}") = "DAO", "DAO\DAO.csproj", "{098376C4-5416-46BE-A34B-E35B02223547}"
EndProject
Project("{FAE04EC0-301F-11D3-BF4B-00C04F79EFBC}") = "BUS", "BUS\BUS.csproj", "{1E7358AA-BEBF-4786-8E25-A8F163D29035}"
EndProject
Project("{FAE04EC0-301F-11D3-BF4B-00C04F79EFBC}") = "QueryBuilder", "QueryBuilder\QueryBuilder.csproj", "{0758002C-AA25-4167-92AC-414037CAC5C6}"
EndProject
Project("{FAE04EC0-301F-11D3-BF4B-00C04F79EFBC}") = "TVCDesigner", "FlexCelDesigner\TVCDesigner.csproj", "{05B7F1D7-C5F4-4133-B0BE-A5D052779718}"
EndProject
Project("{FAE04EC0-301F-11D3-BF4B-00C04F79EFBC}") = "SetSecurity", "SetSecurity\SetSecurity.csproj", "{56E8E807-0807-45E0-B19A-98912AE47630}"
EndProject
Project("{FAE04EC0-301F-11D3-BF4B-00C04F79EFBC}") = "QDCommand", "QDConmand\QDCommand.csproj", "{0D473862-4E20-4769-BB39-47A97238A928}"
EndProject
Project("{FAE04EC0-301F-11D3-BF4B-00C04F79EFBC}") = "UpdateManifest", "UpdateManifest\UpdateManifest.csproj", "{BAA55318-195A-47BD-9F93-72E7D96C71DC}"
EndProject
Project("{FAE04EC0-301F-11D3-BF4B-00C04F79EFBC}") = "TVCAddinCustomAction", "TVCAddinCustomAction\TVCAddinCustomAction.csproj", "{8413DAD1-2EFF-4F7C-A749-F46E17C50EE7}"
EndProject
Project("{FAE04EC0-301F-11D3-BF4B-00C04F79EFBC}") = "QDAddin", "QDAddin\QDAddin.csproj", "{43AAD28D-8949-491E-8BBC-69706E2D55FC}"
EndProject
Project("{54435603-DBB4-11D2-8724-00A0C9A8B90C}") = "QDAddinSetup", "QDAddinSetup\QDAddinSetup", "{C1B84D8F-3C62-420A-9574-0F56059C186E}"
EndProject
Project("{FAE04EC0-301F-11D3-BF4B-00C04F79EFBC}") = "DashBoard", "DashBoard\DashBoard.csproj", "{6851BF21-5D70-4AAB-B45A-435A1F668706}"
EndProject
Project("{FAE04EC0-301F-11D3-BF4B-00C04F79EFBC}") = "ReportDLL", "ReportDLL\ReportDLL.csproj", "{2D66B9E4-C483-4069-9F80-CC171564B8C7}"
EndProject
Project("{FAE04EC0-301F-11D3-BF4B-00C04F79EFBC}") = "testReport", "testReport\testReport.csproj", "{E9E2E82C-1A8A-4004-B783-52A518FC4F7C}"
EndProject
Project("{FAE04EC0-301F-11D3-BF4B-00C04F79EFBC}") = "Core", "Solutions for .NET 3.5\Core.csproj", "{00861DFC-9DDB-4671-9209-E6AE0FB402AD}"
EndProject
Project("{FAE04EC0-301F-11D3-BF4B-00C04F79EFBC}") = "Winforms", "Solutions for .NET 3.5\Winforms.csproj", "{2B4DC165-412B-4867-A645-77F4C5F083E0}"
EndProject
Project("{FAE04EC0-301F-11D3-BF4B-00C04F79EFBC}") = "ExcelAddIn1", "ExcelAddIn1\ExcelAddIn1.csproj", "{1662BF04-8B10-4BD4-803D-F94672607CDC}"
EndProject
Project("{54435603-DBB4-11D2-8724-00A0C9A8B90C}") = "QueryDesignerSetup", "QueryDesignerSetup\QueryDesignerSetup.vdproj", "{13F01581-0FDB-434F-8527-36D247F874D4}"
EndProject
Project("{FAE04EC0-301F-11D3-BF4B-00C04F79EFBC}") = "QDAddin2007", "QDAddin2007\QDAddin2007.csproj", "{C2060671-A24E-4283-A4B0-30E3B7777AD0}"
EndProject
Global
	GlobalSection(SolutionConfigurationPlatforms) = preSolution
		Debug|Any CPU = Debug|Any CPU
		Debug|x86 = Debug|x86
		Release|Any CPU = Release|Any CPU
		Release|x86 = Release|x86
		Trial|Any CPU = Trial|Any CPU
		Trial|x86 = Trial|x86
	EndGlobalSection
	GlobalSection(ProjectConfigurationPlatforms) = postSolution
		{97D235CF-2EF5-4CEC-A29A-451CB244CC00}.Debug|Any CPU.ActiveCfg = Debug|Any CPU
		{97D235CF-2EF5-4CEC-A29A-451CB244CC00}.Debug|Any CPU.Build.0 = Debug|Any CPU
		{97D235CF-2EF5-4CEC-A29A-451CB244CC00}.Debug|x86.ActiveCfg = Debug|x86
		{97D235CF-2EF5-4CEC-A29A-451CB244CC00}.Debug|x86.Build.0 = Debug|x86
		{97D235CF-2EF5-4CEC-A29A-451CB244CC00}.Release|Any CPU.ActiveCfg = Release|Any CPU
		{97D235CF-2EF5-4CEC-A29A-451CB244CC00}.Release|Any CPU.Build.0 = Release|Any CPU
		{97D235CF-2EF5-4CEC-A29A-451CB244CC00}.Release|x86.ActiveCfg = Release|x86
		{97D235CF-2EF5-4CEC-A29A-451CB244CC00}.Release|x86.Build.0 = Release|x86
		{97D235CF-2EF5-4CEC-A29A-451CB244CC00}.Trial|Any CPU.ActiveCfg = Release|x86
		{97D235CF-2EF5-4CEC-A29A-451CB244CC00}.Trial|x86.ActiveCfg = Release|x86
		{97D235CF-2EF5-4CEC-A29A-451CB244CC00}.Trial|x86.Build.0 = Release|x86
		{6B099CCD-68CE-4597-972D-55E85E2C28B5}.Debug|Any CPU.ActiveCfg = Debug|Any CPU
		{6B099CCD-68CE-4597-972D-55E85E2C28B5}.Debug|Any CPU.Build.0 = Debug|Any CPU
		{6B099CCD-68CE-4597-972D-55E85E2C28B5}.Debug|x86.ActiveCfg = Debug|x86
		{6B099CCD-68CE-4597-972D-55E85E2C28B5}.Debug|x86.Build.0 = Debug|x86
		{6B099CCD-68CE-4597-972D-55E85E2C28B5}.Release|Any CPU.ActiveCfg = Release|Any CPU
		{6B099CCD-68CE-4597-972D-55E85E2C28B5}.Release|Any CPU.Build.0 = Release|Any CPU
		{6B099CCD-68CE-4597-972D-55E85E2C28B5}.Release|x86.ActiveCfg = Release|x86
		{6B099CCD-68CE-4597-972D-55E85E2C28B5}.Release|x86.Build.0 = Release|x86
		{6B099CCD-68CE-4597-972D-55E85E2C28B5}.Trial|Any CPU.ActiveCfg = Release|x86
		{6B099CCD-68CE-4597-972D-55E85E2C28B5}.Trial|x86.ActiveCfg = Release|x86
		{6B099CCD-68CE-4597-972D-55E85E2C28B5}.Trial|x86.Build.0 = Release|x86
		{098376C4-5416-46BE-A34B-E35B02223547}.Debug|Any CPU.ActiveCfg = Debug|Any CPU
		{098376C4-5416-46BE-A34B-E35B02223547}.Debug|Any CPU.Build.0 = Debug|Any CPU
		{098376C4-5416-46BE-A34B-E35B02223547}.Debug|x86.ActiveCfg = Debug|x86
		{098376C4-5416-46BE-A34B-E35B02223547}.Debug|x86.Build.0 = Debug|x86
		{098376C4-5416-46BE-A34B-E35B02223547}.Release|Any CPU.ActiveCfg = Release|Any CPU
		{098376C4-5416-46BE-A34B-E35B02223547}.Release|Any CPU.Build.0 = Release|Any CPU
		{098376C4-5416-46BE-A34B-E35B02223547}.Release|x86.ActiveCfg = Release|x86
		{098376C4-5416-46BE-A34B-E35B02223547}.Release|x86.Build.0 = Release|x86
		{098376C4-5416-46BE-A34B-E35B02223547}.Trial|Any CPU.ActiveCfg = Release|x86
		{098376C4-5416-46BE-A34B-E35B02223547}.Trial|x86.ActiveCfg = Release|x86
		{098376C4-5416-46BE-A34B-E35B02223547}.Trial|x86.Build.0 = Release|x86
		{1E7358AA-BEBF-4786-8E25-A8F163D29035}.Debug|Any CPU.ActiveCfg = Debug|Any CPU
		{1E7358AA-BEBF-4786-8E25-A8F163D29035}.Debug|Any CPU.Build.0 = Debug|Any CPU
		{1E7358AA-BEBF-4786-8E25-A8F163D29035}.Debug|x86.ActiveCfg = Debug|x86
		{1E7358AA-BEBF-4786-8E25-A8F163D29035}.Debug|x86.Build.0 = Debug|x86
		{1E7358AA-BEBF-4786-8E25-A8F163D29035}.Release|Any CPU.ActiveCfg = Release|Any CPU
		{1E7358AA-BEBF-4786-8E25-A8F163D29035}.Release|Any CPU.Build.0 = Release|Any CPU
		{1E7358AA-BEBF-4786-8E25-A8F163D29035}.Release|x86.ActiveCfg = Release|x86
		{1E7358AA-BEBF-4786-8E25-A8F163D29035}.Release|x86.Build.0 = Release|x86
		{1E7358AA-BEBF-4786-8E25-A8F163D29035}.Trial|Any CPU.ActiveCfg = Release|x86
		{1E7358AA-BEBF-4786-8E25-A8F163D29035}.Trial|x86.ActiveCfg = Release|x86
		{1E7358AA-BEBF-4786-8E25-A8F163D29035}.Trial|x86.Build.0 = Release|x86
		{0758002C-AA25-4167-92AC-414037CAC5C6}.Debug|Any CPU.ActiveCfg = Debug|Any CPU
		{0758002C-AA25-4167-92AC-414037CAC5C6}.Debug|Any CPU.Build.0 = Debug|Any CPU
		{0758002C-AA25-4167-92AC-414037CAC5C6}.Debug|x86.ActiveCfg = Debug|x86
		{0758002C-AA25-4167-92AC-414037CAC5C6}.Debug|x86.Build.0 = Debug|x86
		{0758002C-AA25-4167-92AC-414037CAC5C6}.Release|Any CPU.ActiveCfg = Release|Any CPU
		{0758002C-AA25-4167-92AC-414037CAC5C6}.Release|Any CPU.Build.0 = Release|Any CPU
		{0758002C-AA25-4167-92AC-414037CAC5C6}.Release|x86.ActiveCfg = Release|x86
		{0758002C-AA25-4167-92AC-414037CAC5C6}.Release|x86.Build.0 = Release|x86
		{0758002C-AA25-4167-92AC-414037CAC5C6}.Trial|Any CPU.ActiveCfg = Release|x86
		{0758002C-AA25-4167-92AC-414037CAC5C6}.Trial|x86.ActiveCfg = Release|x86
		{0758002C-AA25-4167-92AC-414037CAC5C6}.Trial|x86.Build.0 = Release|x86
		{05B7F1D7-C5F4-4133-B0BE-A5D052779718}.Debug|Any CPU.ActiveCfg = Debug|Any CPU
		{05B7F1D7-C5F4-4133-B0BE-A5D052779718}.Debug|Any CPU.Build.0 = Debug|Any CPU
		{05B7F1D7-C5F4-4133-B0BE-A5D052779718}.Debug|x86.ActiveCfg = Debug|Any CPU
		{05B7F1D7-C5F4-4133-B0BE-A5D052779718}.Release|Any CPU.ActiveCfg = Release|Any CPU
		{05B7F1D7-C5F4-4133-B0BE-A5D052779718}.Release|Any CPU.Build.0 = Release|Any CPU
		{05B7F1D7-C5F4-4133-B0BE-A5D052779718}.Release|x86.ActiveCfg = Release|Any CPU
		{05B7F1D7-C5F4-4133-B0BE-A5D052779718}.Trial|Any CPU.ActiveCfg = Release|Any CPU
		{05B7F1D7-C5F4-4133-B0BE-A5D052779718}.Trial|Any CPU.Build.0 = Release|Any CPU
		{05B7F1D7-C5F4-4133-B0BE-A5D052779718}.Trial|x86.ActiveCfg = Release|Any CPU
		{56E8E807-0807-45E0-B19A-98912AE47630}.Debug|Any CPU.ActiveCfg = Debug|Any CPU
		{56E8E807-0807-45E0-B19A-98912AE47630}.Debug|Any CPU.Build.0 = Debug|Any CPU
		{56E8E807-0807-45E0-B19A-98912AE47630}.Debug|x86.ActiveCfg = Debug|Any CPU
		{56E8E807-0807-45E0-B19A-98912AE47630}.Release|Any CPU.ActiveCfg = Release|Any CPU
		{56E8E807-0807-45E0-B19A-98912AE47630}.Release|Any CPU.Build.0 = Release|Any CPU
		{56E8E807-0807-45E0-B19A-98912AE47630}.Release|x86.ActiveCfg = Release|Any CPU
		{56E8E807-0807-45E0-B19A-98912AE47630}.Trial|Any CPU.ActiveCfg = Release|Any CPU
		{56E8E807-0807-45E0-B19A-98912AE47630}.Trial|Any CPU.Build.0 = Release|Any CPU
		{56E8E807-0807-45E0-B19A-98912AE47630}.Trial|x86.ActiveCfg = Release|Any CPU
		{0D473862-4E20-4769-BB39-47A97238A928}.Debug|Any CPU.ActiveCfg = Debug|Any CPU
		{0D473862-4E20-4769-BB39-47A97238A928}.Debug|Any CPU.Build.0 = Debug|Any CPU
		{0D473862-4E20-4769-BB39-47A97238A928}.Debug|x86.ActiveCfg = Debug|Any CPU
		{0D473862-4E20-4769-BB39-47A97238A928}.Release|Any CPU.ActiveCfg = Release|Any CPU
		{0D473862-4E20-4769-BB39-47A97238A928}.Release|Any CPU.Build.0 = Release|Any CPU
		{0D473862-4E20-4769-BB39-47A97238A928}.Release|x86.ActiveCfg = Release|Any CPU
		{0D473862-4E20-4769-BB39-47A97238A928}.Trial|Any CPU.ActiveCfg = Release|Any CPU
		{0D473862-4E20-4769-BB39-47A97238A928}.Trial|Any CPU.Build.0 = Release|Any CPU
		{0D473862-4E20-4769-BB39-47A97238A928}.Trial|x86.ActiveCfg = Release|Any CPU
		{BAA55318-195A-47BD-9F93-72E7D96C71DC}.Debug|Any CPU.ActiveCfg = Debug|Any CPU
		{BAA55318-195A-47BD-9F93-72E7D96C71DC}.Debug|Any CPU.Build.0 = Debug|Any CPU
		{BAA55318-195A-47BD-9F93-72E7D96C71DC}.Debug|x86.ActiveCfg = Debug|Any CPU
		{BAA55318-195A-47BD-9F93-72E7D96C71DC}.Release|Any CPU.ActiveCfg = Release|Any CPU
		{BAA55318-195A-47BD-9F93-72E7D96C71DC}.Release|Any CPU.Build.0 = Release|Any CPU
		{BAA55318-195A-47BD-9F93-72E7D96C71DC}.Release|x86.ActiveCfg = Release|Any CPU
		{BAA55318-195A-47BD-9F93-72E7D96C71DC}.Trial|Any CPU.ActiveCfg = Release|Any CPU
		{BAA55318-195A-47BD-9F93-72E7D96C71DC}.Trial|Any CPU.Build.0 = Release|Any CPU
		{BAA55318-195A-47BD-9F93-72E7D96C71DC}.Trial|x86.ActiveCfg = Release|Any CPU
		{8413DAD1-2EFF-4F7C-A749-F46E17C50EE7}.Debug|Any CPU.ActiveCfg = Debug|Any CPU
		{8413DAD1-2EFF-4F7C-A749-F46E17C50EE7}.Debug|Any CPU.Build.0 = Debug|Any CPU
		{8413DAD1-2EFF-4F7C-A749-F46E17C50EE7}.Debug|x86.ActiveCfg = Debug|Any CPU
		{8413DAD1-2EFF-4F7C-A749-F46E17C50EE7}.Release|Any CPU.ActiveCfg = Release|Any CPU
		{8413DAD1-2EFF-4F7C-A749-F46E17C50EE7}.Release|Any CPU.Build.0 = Release|Any CPU
		{8413DAD1-2EFF-4F7C-A749-F46E17C50EE7}.Release|x86.ActiveCfg = Release|Any CPU
		{8413DAD1-2EFF-4F7C-A749-F46E17C50EE7}.Trial|Any CPU.ActiveCfg = Release|Any CPU
		{8413DAD1-2EFF-4F7C-A749-F46E17C50EE7}.Trial|Any CPU.Build.0 = Release|Any CPU
		{8413DAD1-2EFF-4F7C-A749-F46E17C50EE7}.Trial|x86.ActiveCfg = Release|Any CPU
		{43AAD28D-8949-491E-8BBC-69706E2D55FC}.Debug|Any CPU.ActiveCfg = Debug|Any CPU
		{43AAD28D-8949-491E-8BBC-69706E2D55FC}.Debug|Any CPU.Build.0 = Debug|Any CPU
		{43AAD28D-8949-491E-8BBC-69706E2D55FC}.Debug|x86.ActiveCfg = Debug|Any CPU
		{43AAD28D-8949-491E-8BBC-69706E2D55FC}.Release|Any CPU.ActiveCfg = Release|Any CPU
		{43AAD28D-8949-491E-8BBC-69706E2D55FC}.Release|Any CPU.Build.0 = Release|Any CPU
		{43AAD28D-8949-491E-8BBC-69706E2D55FC}.Release|x86.ActiveCfg = Release|Any CPU
		{43AAD28D-8949-491E-8BBC-69706E2D55FC}.Trial|Any CPU.ActiveCfg = Release|Any CPU
		{43AAD28D-8949-491E-8BBC-69706E2D55FC}.Trial|Any CPU.Build.0 = Release|Any CPU
		{43AAD28D-8949-491E-8BBC-69706E2D55FC}.Trial|x86.ActiveCfg = Release|Any CPU
		{C1B84D8F-3C62-420A-9574-0F56059C186E}.Debug|Any CPU.ActiveCfg = Debug
		{C1B84D8F-3C62-420A-9574-0F56059C186E}.Debug|x86.ActiveCfg = Debug
		{C1B84D8F-3C62-420A-9574-0F56059C186E}.Release|Any CPU.ActiveCfg = Release
		{C1B84D8F-3C62-420A-9574-0F56059C186E}.Release|x86.ActiveCfg = Release
		{C1B84D8F-3C62-420A-9574-0F56059C186E}.Trial|Any CPU.ActiveCfg = Release
		{C1B84D8F-3C62-420A-9574-0F56059C186E}.Trial|Any CPU.Build.0 = Release
		{C1B84D8F-3C62-420A-9574-0F56059C186E}.Trial|x86.ActiveCfg = Release
		{C1B84D8F-3C62-420A-9574-0F56059C186E}.Trial|x86.Build.0 = Release
		{6851BF21-5D70-4AAB-B45A-435A1F668706}.Debug|Any CPU.ActiveCfg = Debug|Any CPU
		{6851BF21-5D70-4AAB-B45A-435A1F668706}.Debug|Any CPU.Build.0 = Debug|Any CPU
		{6851BF21-5D70-4AAB-B45A-435A1F668706}.Debug|x86.ActiveCfg = Debug|Any CPU
		{6851BF21-5D70-4AAB-B45A-435A1F668706}.Release|Any CPU.ActiveCfg = Release|Any CPU
		{6851BF21-5D70-4AAB-B45A-435A1F668706}.Release|Any CPU.Build.0 = Release|Any CPU
		{6851BF21-5D70-4AAB-B45A-435A1F668706}.Release|x86.ActiveCfg = Release|Any CPU
		{6851BF21-5D70-4AAB-B45A-435A1F668706}.Trial|Any CPU.ActiveCfg = Release|Any CPU
		{6851BF21-5D70-4AAB-B45A-435A1F668706}.Trial|x86.ActiveCfg = Release|Any CPU
		{2D66B9E4-C483-4069-9F80-CC171564B8C7}.Debug|Any CPU.ActiveCfg = Debug|Any CPU
		{2D66B9E4-C483-4069-9F80-CC171564B8C7}.Debug|Any CPU.Build.0 = Debug|Any CPU
		{2D66B9E4-C483-4069-9F80-CC171564B8C7}.Debug|x86.ActiveCfg = Debug|Any CPU
		{2D66B9E4-C483-4069-9F80-CC171564B8C7}.Release|Any CPU.ActiveCfg = Release|Any CPU
		{2D66B9E4-C483-4069-9F80-CC171564B8C7}.Release|Any CPU.Build.0 = Release|Any CPU
		{2D66B9E4-C483-4069-9F80-CC171564B8C7}.Release|x86.ActiveCfg = Release|Any CPU
		{2D66B9E4-C483-4069-9F80-CC171564B8C7}.Trial|Any CPU.ActiveCfg = Release|Any CPU
		{2D66B9E4-C483-4069-9F80-CC171564B8C7}.Trial|Any CPU.Build.0 = Release|Any CPU
		{2D66B9E4-C483-4069-9F80-CC171564B8C7}.Trial|x86.ActiveCfg = Release|Any CPU
		{E9E2E82C-1A8A-4004-B783-52A518FC4F7C}.Debug|Any CPU.ActiveCfg = Debug|Any CPU
		{E9E2E82C-1A8A-4004-B783-52A518FC4F7C}.Debug|Any CPU.Build.0 = Debug|Any CPU
		{E9E2E82C-1A8A-4004-B783-52A518FC4F7C}.Debug|x86.ActiveCfg = Debug|Any CPU
		{E9E2E82C-1A8A-4004-B783-52A518FC4F7C}.Release|Any CPU.ActiveCfg = Release|Any CPU
		{E9E2E82C-1A8A-4004-B783-52A518FC4F7C}.Release|Any CPU.Build.0 = Release|Any CPU
		{E9E2E82C-1A8A-4004-B783-52A518FC4F7C}.Release|x86.ActiveCfg = Release|Any CPU
		{E9E2E82C-1A8A-4004-B783-52A518FC4F7C}.Trial|Any CPU.ActiveCfg = Release|Any CPU
		{E9E2E82C-1A8A-4004-B783-52A518FC4F7C}.Trial|Any CPU.Build.0 = Release|Any CPU
		{E9E2E82C-1A8A-4004-B783-52A518FC4F7C}.Trial|x86.ActiveCfg = Release|Any CPU
		{00861DFC-9DDB-4671-9209-E6AE0FB402AD}.Debug|Any CPU.ActiveCfg = Debug|Any CPU
		{00861DFC-9DDB-4671-9209-E6AE0FB402AD}.Debug|Any CPU.Build.0 = Debug|Any CPU
		{00861DFC-9DDB-4671-9209-E6AE0FB402AD}.Debug|x86.ActiveCfg = Debug|Any CPU
		{00861DFC-9DDB-4671-9209-E6AE0FB402AD}.Release|Any CPU.ActiveCfg = Release|Any CPU
		{00861DFC-9DDB-4671-9209-E6AE0FB402AD}.Release|Any CPU.Build.0 = Release|Any CPU
		{00861DFC-9DDB-4671-9209-E6AE0FB402AD}.Release|x86.ActiveCfg = Release|Any CPU
		{00861DFC-9DDB-4671-9209-E6AE0FB402AD}.Trial|Any CPU.ActiveCfg = Trial|Any CPU
		{00861DFC-9DDB-4671-9209-E6AE0FB402AD}.Trial|Any CPU.Build.0 = Trial|Any CPU
		{00861DFC-9DDB-4671-9209-E6AE0FB402AD}.Trial|x86.ActiveCfg = Trial|Any CPU
		{2B4DC165-412B-4867-A645-77F4C5F083E0}.Debug|Any CPU.ActiveCfg = Debug|Any CPU
		{2B4DC165-412B-4867-A645-77F4C5F083E0}.Debug|Any CPU.Build.0 = Debug|Any CPU
		{2B4DC165-412B-4867-A645-77F4C5F083E0}.Debug|x86.ActiveCfg = Debug|Any CPU
		{2B4DC165-412B-4867-A645-77F4C5F083E0}.Release|Any CPU.ActiveCfg = Release|Any CPU
		{2B4DC165-412B-4867-A645-77F4C5F083E0}.Release|Any CPU.Build.0 = Release|Any CPU
		{2B4DC165-412B-4867-A645-77F4C5F083E0}.Release|x86.ActiveCfg = Release|Any CPU
		{2B4DC165-412B-4867-A645-77F4C5F083E0}.Trial|Any CPU.ActiveCfg = Trial|Any CPU
		{2B4DC165-412B-4867-A645-77F4C5F083E0}.Trial|Any CPU.Build.0 = Trial|Any CPU
		{2B4DC165-412B-4867-A645-77F4C5F083E0}.Trial|x86.ActiveCfg = Trial|Any CPU
		{1662BF04-8B10-4BD4-803D-F94672607CDC}.Debug|Any CPU.ActiveCfg = Debug|Any CPU
		{1662BF04-8B10-4BD4-803D-F94672607CDC}.Debug|Any CPU.Build.0 = Debug|Any CPU
		{1662BF04-8B10-4BD4-803D-F94672607CDC}.Debug|x86.ActiveCfg = Debug|Any CPU
		{1662BF04-8B10-4BD4-803D-F94672607CDC}.Release|Any CPU.ActiveCfg = Release|Any CPU
		{1662BF04-8B10-4BD4-803D-F94672607CDC}.Release|Any CPU.Build.0 = Release|Any CPU
		{1662BF04-8B10-4BD4-803D-F94672607CDC}.Release|x86.ActiveCfg = Release|Any CPU
		{1662BF04-8B10-4BD4-803D-F94672607CDC}.Trial|Any CPU.ActiveCfg = Release|Any CPU
		{1662BF04-8B10-4BD4-803D-F94672607CDC}.Trial|Any CPU.Build.0 = Release|Any CPU
		{1662BF04-8B10-4BD4-803D-F94672607CDC}.Trial|x86.ActiveCfg = Release|Any CPU
		{13F01581-0FDB-434F-8527-36D247F874D4}.Debug|Any CPU.ActiveCfg = Debug
		{13F01581-0FDB-434F-8527-36D247F874D4}.Debug|x86.ActiveCfg = Debug
		{13F01581-0FDB-434F-8527-36D247F874D4}.Release|Any CPU.ActiveCfg = Release
		{13F01581-0FDB-434F-8527-36D247F874D4}.Release|x86.ActiveCfg = Release
		{13F01581-0FDB-434F-8527-36D247F874D4}.Trial|Any CPU.ActiveCfg = Release
		{13F01581-0FDB-434F-8527-36D247F874D4}.Trial|x86.ActiveCfg = Release
		{C2060671-A24E-4283-A4B0-30E3B7777AD0}.Debug|Any CPU.ActiveCfg = Debug|Any CPU
		{C2060671-A24E-4283-A4B0-30E3B7777AD0}.Debug|Any CPU.Build.0 = Debug|Any CPU
		{C2060671-A24E-4283-A4B0-30E3B7777AD0}.Debug|x86.ActiveCfg = Debug|Any CPU
		{C2060671-A24E-4283-A4B0-30E3B7777AD0}.Release|Any CPU.ActiveCfg = Release|Any CPU
		{C2060671-A24E-4283-A4B0-30E3B7777AD0}.Release|Any CPU.Build.0 = Release|Any CPU
		{C2060671-A24E-4283-A4B0-30E3B7777AD0}.Release|x86.ActiveCfg = Release|Any CPU
		{C2060671-A24E-4283-A4B0-30E3B7777AD0}.Trial|Any CPU.ActiveCfg = Release|Any CPU
		{C2060671-A24E-4283-A4B0-30E3B7777AD0}.Trial|Any CPU.Build.0 = Release|Any CPU
		{C2060671-A24E-4283-A4B0-30E3B7777AD0}.Trial|x86.ActiveCfg = Release|Any CPU
	EndGlobalSection
	GlobalSection(SolutionProperties) = preSolution
		HideSolutionNode = FALSE
	EndGlobalSection
EndGlobal
