
Microsoft Visual Studio Solution File, Format Version 11.00
# Visual Studio 2010
Project("{FAE04EC0-301F-11D3-BF4B-00C04F79EFBC}") = "dCube", "QueryDesigner\dCube.csproj", "{97D235CF-2EF5-4CEC-A29A-451CB244CC00}"
EndProject
Project("{FAE04EC0-301F-11D3-BF4B-00C04F79EFBC}") = "DTO", "DTO\DTO.csproj", "{6B099CCD-68CE-4597-972D-55E85E2C28B5}"
EndProject
Project("{FAE04EC0-301F-11D3-BF4B-00C04F79EFBC}") = "DAO", "DAO\DAO.csproj", "{098376C4-5416-46BE-A34B-E35B02223547}"
EndProject
Project("{FAE04EC0-301F-11D3-BF4B-00C04F79EFBC}") = "BUS", "BUS\BUS.csproj", "{1E7358AA-BEBF-4786-8E25-A8F163D29035}"
EndProject
Project("{FAE04EC0-301F-11D3-BF4B-00C04F79EFBC}") = "QueryBuilder", "QueryBuilder\QueryBuilder.csproj", "{0758002C-AA25-4167-92AC-414037CAC5C6}"
EndProject
Project("{FAE04EC0-301F-11D3-BF4B-00C04F79EFBC}") = "TVCDesigner", "FlexCelDesigner\TVCDesigner.csproj", "{05B7F1D7-C5F4-4133-B0BE-A5D052779718}"
EndProject
Project("{FAE04EC0-301F-11D3-BF4B-00C04F79EFBC}") = "QDCommand", "QDConmand\QDCommand.csproj", "{0D473862-4E20-4769-BB39-47A97238A928}"
EndProject
Project("{FAE04EC0-301F-11D3-BF4B-00C04F79EFBC}") = "DashBoard", "DashBoard\DashBoard.csproj", "{6851BF21-5D70-4AAB-B45A-435A1F668706}"
EndProject
Project("{FAE04EC0-301F-11D3-BF4B-00C04F79EFBC}") = "dCubeXL", "dCubeXL\dCubeXL.csproj", "{B4BCE0EB-8E4F-4951-A09C-2ACF1CF17577}"
EndProject
Project("{FAE04EC0-301F-11D3-BF4B-00C04F79EFBC}") = "UpdateModule", "..\UpdateModule\UpdateModule\UpdateModule.csproj", "{DA993E7F-901B-448C-8CAE-A4190B74D100}"
EndProject
Project("{54435603-DBB4-11D2-8724-00A0C9A8B90C}") = "dCubeXLSetup(3.4.7) [Default]", "dCubeXL\dCubeXLSetup\3.4.7\dCubeXLSetup(3.4.7).vdproj", "{923B2BC1-E639-4406-AD36-79331A1E8523}"
EndProject
Global
	GlobalSection(SolutionConfigurationPlatforms) = preSolution
		Debug|Any CPU = Debug|Any CPU
		Debug|x86 = Debug|x86
		Release|Any CPU = Release|Any CPU
		Release|x86 = Release|x86
		Trial|Any CPU = Trial|Any CPU
		Trial|x86 = Trial|x86
	EndGlobalSection
	GlobalSection(ProjectConfigurationPlatforms) = postSolution
		{97D235CF-2EF5-4CEC-A29A-451CB244CC00}.Debug|Any CPU.ActiveCfg = Debug|Any CPU
		{97D235CF-2EF5-4CEC-A29A-451CB244CC00}.Debug|Any CPU.Build.0 = Debug|Any CPU
		{97D235CF-2EF5-4CEC-A29A-451CB244CC00}.Debug|x86.ActiveCfg = Debug|x86
		{97D235CF-2EF5-4CEC-A29A-451CB244CC00}.Debug|x86.Build.0 = Debug|x86
		{97D235CF-2EF5-4CEC-A29A-451CB244CC00}.Release|Any CPU.ActiveCfg = Release|Any CPU
		{97D235CF-2EF5-4CEC-A29A-451CB244CC00}.Release|Any CPU.Build.0 = Release|Any CPU
		{97D235CF-2EF5-4CEC-A29A-451CB244CC00}.Release|x86.ActiveCfg = Release|x86
		{97D235CF-2EF5-4CEC-A29A-451CB244CC00}.Release|x86.Build.0 = Release|x86
		{97D235CF-2EF5-4CEC-A29A-451CB244CC00}.Trial|Any CPU.ActiveCfg = Release|x86
		{97D235CF-2EF5-4CEC-A29A-451CB244CC00}.Trial|x86.ActiveCfg = Release|x86
		{97D235CF-2EF5-4CEC-A29A-451CB244CC00}.Trial|x86.Build.0 = Release|x86
		{6B099CCD-68CE-4597-972D-55E85E2C28B5}.Debug|Any CPU.ActiveCfg = Debug|Any CPU
		{6B099CCD-68CE-4597-972D-55E85E2C28B5}.Debug|Any CPU.Build.0 = Debug|Any CPU
		{6B099CCD-68CE-4597-972D-55E85E2C28B5}.Debug|x86.ActiveCfg = Debug|x86
		{6B099CCD-68CE-4597-972D-55E85E2C28B5}.Debug|x86.Build.0 = Debug|x86
		{6B099CCD-68CE-4597-972D-55E85E2C28B5}.Release|Any CPU.ActiveCfg = Release|Any CPU
		{6B099CCD-68CE-4597-972D-55E85E2C28B5}.Release|Any CPU.Build.0 = Release|Any CPU
		{6B099CCD-68CE-4597-972D-55E85E2C28B5}.Release|x86.ActiveCfg = Release|x86
		{6B099CCD-68CE-4597-972D-55E85E2C28B5}.Release|x86.Build.0 = Release|x86
		{6B099CCD-68CE-4597-972D-55E85E2C28B5}.Trial|Any CPU.ActiveCfg = Release|x86
		{6B099CCD-68CE-4597-972D-55E85E2C28B5}.Trial|x86.ActiveCfg = Release|x86
		{6B099CCD-68CE-4597-972D-55E85E2C28B5}.Trial|x86.Build.0 = Release|x86
		{098376C4-5416-46BE-A34B-E35B02223547}.Debug|Any CPU.ActiveCfg = Debug|Any CPU
		{098376C4-5416-46BE-A34B-E35B02223547}.Debug|Any CPU.Build.0 = Debug|Any CPU
		{098376C4-5416-46BE-A34B-E35B02223547}.Debug|x86.ActiveCfg = Debug|x86
		{098376C4-5416-46BE-A34B-E35B02223547}.Debug|x86.Build.0 = Debug|x86
		{098376C4-5416-46BE-A34B-E35B02223547}.Release|Any CPU.ActiveCfg = Release|Any CPU
		{098376C4-5416-46BE-A34B-E35B02223547}.Release|Any CPU.Build.0 = Release|Any CPU
		{098376C4-5416-46BE-A34B-E35B02223547}.Release|x86.ActiveCfg = Release|x86
		{098376C4-5416-46BE-A34B-E35B02223547}.Release|x86.Build.0 = Release|x86
		{098376C4-5416-46BE-A34B-E35B02223547}.Trial|Any CPU.ActiveCfg = Release|x86
		{098376C4-5416-46BE-A34B-E35B02223547}.Trial|x86.ActiveCfg = Release|x86
		{098376C4-5416-46BE-A34B-E35B02223547}.Trial|x86.Build.0 = Release|x86
		{1E7358AA-BEBF-4786-8E25-A8F163D29035}.Debug|Any CPU.ActiveCfg = Debug|Any CPU
		{1E7358AA-BEBF-4786-8E25-A8F163D29035}.Debug|Any CPU.Build.0 = Debug|Any CPU
		{1E7358AA-BEBF-4786-8E25-A8F163D29035}.Debug|x86.ActiveCfg = Debug|x86
		{1E7358AA-BEBF-4786-8E25-A8F163D29035}.Debug|x86.Build.0 = Debug|x86
		{1E7358AA-BEBF-4786-8E25-A8F163D29035}.Release|Any CPU.ActiveCfg = Release|Any CPU
		{1E7358AA-BEBF-4786-8E25-A8F163D29035}.Release|Any CPU.Build.0 = Release|Any CPU
		{1E7358AA-BEBF-4786-8E25-A8F163D29035}.Release|x86.ActiveCfg = Release|x86
		{1E7358AA-BEBF-4786-8E25-A8F163D29035}.Release|x86.Build.0 = Release|x86
		{1E7358AA-BEBF-4786-8E25-A8F163D29035}.Trial|Any CPU.ActiveCfg = Release|x86
		{1E7358AA-BEBF-4786-8E25-A8F163D29035}.Trial|x86.ActiveCfg = Release|x86
		{1E7358AA-BEBF-4786-8E25-A8F163D29035}.Trial|x86.Build.0 = Release|x86
		{0758002C-AA25-4167-92AC-414037CAC5C6}.Debug|Any CPU.ActiveCfg = Debug|Any CPU
		{0758002C-AA25-4167-92AC-414037CAC5C6}.Debug|Any CPU.Build.0 = Debug|Any CPU
		{0758002C-AA25-4167-92AC-414037CAC5C6}.Debug|x86.ActiveCfg = Debug|x86
		{0758002C-AA25-4167-92AC-414037CAC5C6}.Debug|x86.Build.0 = Debug|x86
		{0758002C-AA25-4167-92AC-414037CAC5C6}.Release|Any CPU.ActiveCfg = Release|Any CPU
		{0758002C-AA25-4167-92AC-414037CAC5C6}.Release|Any CPU.Build.0 = Release|Any CPU
		{0758002C-AA25-4167-92AC-414037CAC5C6}.Release|x86.ActiveCfg = Release|x86
		{0758002C-AA25-4167-92AC-414037CAC5C6}.Release|x86.Build.0 = Release|x86
		{0758002C-AA25-4167-92AC-414037CAC5C6}.Trial|Any CPU.ActiveCfg = Release|x86
		{0758002C-AA25-4167-92AC-414037CAC5C6}.Trial|x86.ActiveCfg = Release|x86
		{0758002C-AA25-4167-92AC-414037CAC5C6}.Trial|x86.Build.0 = Release|x86
		{05B7F1D7-C5F4-4133-B0BE-A5D052779718}.Debug|Any CPU.ActiveCfg = Debug|Any CPU
		{05B7F1D7-C5F4-4133-B0BE-A5D052779718}.Debug|Any CPU.Build.0 = Debug|Any CPU
		{05B7F1D7-C5F4-4133-B0BE-A5D052779718}.Debug|x86.ActiveCfg = Debug|Any CPU
		{05B7F1D7-C5F4-4133-B0BE-A5D052779718}.Release|Any CPU.ActiveCfg = Release|Any CPU
		{05B7F1D7-C5F4-4133-B0BE-A5D052779718}.Release|Any CPU.Build.0 = Release|Any CPU
		{05B7F1D7-C5F4-4133-B0BE-A5D052779718}.Release|x86.ActiveCfg = Release|Any CPU
		{05B7F1D7-C5F4-4133-B0BE-A5D052779718}.Trial|Any CPU.ActiveCfg = Release|Any CPU
		{05B7F1D7-C5F4-4133-B0BE-A5D052779718}.Trial|Any CPU.Build.0 = Release|Any CPU
		{05B7F1D7-C5F4-4133-B0BE-A5D052779718}.Trial|x86.ActiveCfg = Release|Any CPU
		{0D473862-4E20-4769-BB39-47A97238A928}.Debug|Any CPU.ActiveCfg = Debug|Any CPU
		{0D473862-4E20-4769-BB39-47A97238A928}.Debug|Any CPU.Build.0 = Debug|Any CPU
		{0D473862-4E20-4769-BB39-47A97238A928}.Debug|x86.ActiveCfg = Debug|Any CPU
		{0D473862-4E20-4769-BB39-47A97238A928}.Release|Any CPU.ActiveCfg = Release|Any CPU
		{0D473862-4E20-4769-BB39-47A97238A928}.Release|Any CPU.Build.0 = Release|Any CPU
		{0D473862-4E20-4769-BB39-47A97238A928}.Release|x86.ActiveCfg = Release|Any CPU
		{0D473862-4E20-4769-BB39-47A97238A928}.Trial|Any CPU.ActiveCfg = Release|Any CPU
		{0D473862-4E20-4769-BB39-47A97238A928}.Trial|Any CPU.Build.0 = Release|Any CPU
		{0D473862-4E20-4769-BB39-47A97238A928}.Trial|x86.ActiveCfg = Release|Any CPU
		{6851BF21-5D70-4AAB-B45A-435A1F668706}.Debug|Any CPU.ActiveCfg = Debug|Any CPU
		{6851BF21-5D70-4AAB-B45A-435A1F668706}.Debug|Any CPU.Build.0 = Debug|Any CPU
		{6851BF21-5D70-4AAB-B45A-435A1F668706}.Debug|x86.ActiveCfg = Debug|Any CPU
		{6851BF21-5D70-4AAB-B45A-435A1F668706}.Release|Any CPU.ActiveCfg = Release|Any CPU
		{6851BF21-5D70-4AAB-B45A-435A1F668706}.Release|Any CPU.Build.0 = Release|Any CPU
		{6851BF21-5D70-4AAB-B45A-435A1F668706}.Release|x86.ActiveCfg = Release|Any CPU
		{6851BF21-5D70-4AAB-B45A-435A1F668706}.Trial|Any CPU.ActiveCfg = Release|Any CPU
		{6851BF21-5D70-4AAB-B45A-435A1F668706}.Trial|x86.ActiveCfg = Release|Any CPU
		{B4BCE0EB-8E4F-4951-A09C-2ACF1CF17577}.Debug|Any CPU.ActiveCfg = Debug|Any CPU
		{B4BCE0EB-8E4F-4951-A09C-2ACF1CF17577}.Debug|Any CPU.Build.0 = Debug|Any CPU
		{B4BCE0EB-8E4F-4951-A09C-2ACF1CF17577}.Debug|x86.ActiveCfg = Debug|Any CPU
		{B4BCE0EB-8E4F-4951-A09C-2ACF1CF17577}.Release|Any CPU.ActiveCfg = Release|Any CPU
		{B4BCE0EB-8E4F-4951-A09C-2ACF1CF17577}.Release|Any CPU.Build.0 = Release|Any CPU
		{B4BCE0EB-8E4F-4951-A09C-2ACF1CF17577}.Release|x86.ActiveCfg = Release|Any CPU
		{B4BCE0EB-8E4F-4951-A09C-2ACF1CF17577}.Trial|Any CPU.ActiveCfg = Release|Any CPU
		{B4BCE0EB-8E4F-4951-A09C-2ACF1CF17577}.Trial|Any CPU.Build.0 = Release|Any CPU
		{B4BCE0EB-8E4F-4951-A09C-2ACF1CF17577}.Trial|x86.ActiveCfg = Release|Any CPU
		{DA993E7F-901B-448C-8CAE-A4190B74D100}.Debug|Any CPU.ActiveCfg = Debug|Any CPU
		{DA993E7F-901B-448C-8CAE-A4190B74D100}.Debug|Any CPU.Build.0 = Debug|Any CPU
		{DA993E7F-901B-448C-8CAE-A4190B74D100}.Debug|x86.ActiveCfg = Debug|Any CPU
		{DA993E7F-901B-448C-8CAE-A4190B74D100}.Release|Any CPU.ActiveCfg = Release|Any CPU
		{DA993E7F-901B-448C-8CAE-A4190B74D100}.Release|Any CPU.Build.0 = Release|Any CPU
		{DA993E7F-901B-448C-8CAE-A4190B74D100}.Release|x86.ActiveCfg = Release|Any CPU
		{DA993E7F-901B-448C-8CAE-A4190B74D100}.Trial|Any CPU.ActiveCfg = Release|Any CPU
		{DA993E7F-901B-448C-8CAE-A4190B74D100}.Trial|Any CPU.Build.0 = Release|Any CPU
		{DA993E7F-901B-448C-8CAE-A4190B74D100}.Trial|x86.ActiveCfg = Release|Any CPU
		{923B2BC1-E639-4406-AD36-79331A1E8523}.Debug|Any CPU.ActiveCfg = Debug
		{923B2BC1-E639-4406-AD36-79331A1E8523}.Debug|Any CPU.Build.0 = Debug
		{923B2BC1-E639-4406-AD36-79331A1E8523}.Debug|x86.ActiveCfg = Debug
		{923B2BC1-E639-4406-AD36-79331A1E8523}.Debug|x86.Build.0 = Debug
		{923B2BC1-E639-4406-AD36-79331A1E8523}.Release|Any CPU.ActiveCfg = Release
		{923B2BC1-E639-4406-AD36-79331A1E8523}.Release|Any CPU.Build.0 = Release
		{923B2BC1-E639-4406-AD36-79331A1E8523}.Release|x86.ActiveCfg = Release
		{923B2BC1-E639-4406-AD36-79331A1E8523}.Release|x86.Build.0 = Release
		{923B2BC1-E639-4406-AD36-79331A1E8523}.Trial|Any CPU.ActiveCfg = Release
		{923B2BC1-E639-4406-AD36-79331A1E8523}.Trial|Any CPU.Build.0 = Release
		{923B2BC1-E639-4406-AD36-79331A1E8523}.Trial|x86.ActiveCfg = Release
		{923B2BC1-E639-4406-AD36-79331A1E8523}.Trial|x86.Build.0 = Release
	EndGlobalSection
	GlobalSection(SolutionProperties) = preSolution
		HideSolutionNode = FALSE
	EndGlobalSection
EndGlobal
